
Microsoft Visual Studio Solution File, Format Version 12.00
# Visual Studio Version 16
VisualStudioVersion = 16.0.32002.261
MinimumVisualStudioVersion = 10.0.40219.1
Project("{FAE04EC0-301F-11D3-BF4B-00C04F79EFBC}") = "LicensePlateWindowsForm", "LicensePlateWindowsForm.csproj", "{36570C0C-CBB4-43D0-8C46-764F93A79FFD}"
EndProject
Global
	GlobalSection(SolutionConfigurationPlatforms) = preSolution
		Debug|Any CPU = Debug|Any CPU
		Debug|x64 = Debug|x64
		Release|Any CPU = Release|Any CPU
		Release|x64 = Release|x64
	EndGlobalSection
	GlobalSection(ProjectConfigurationPlatforms) = postSolution
		{36570C0C-CBB4-43D0-8C46-764F93A79FFD}.Debug|Any CPU.ActiveCfg = Debug|Any CPU
		{36570C0C-CBB4-43D0-8C46-764F93A79FFD}.Debug|Any CPU.Build.0 = Debug|Any CPU
		{36570C0C-CBB4-43D0-8C46-764F93A79FFD}.Debug|x64.ActiveCfg = Debug|x64
		{36570C0C-CBB4-43D0-8C46-764F93A79FFD}.Debug|x64.Build.0 = Debug|x64
		{36570C0C-CBB4-43D0-8C46-764F93A79FFD}.Release|Any CPU.ActiveCfg = Release|Any CPU
		{36570C0C-CBB4-43D0-8C46-764F93A79FFD}.Release|Any CPU.Build.0 = Release|Any CPU
		{36570C0C-CBB4-43D0-8C46-764F93A79FFD}.Release|x64.ActiveCfg = Release|x64
		{36570C0C-CBB4-43D0-8C46-764F93A79FFD}.Release|x64.Build.0 = Release|x64
	EndGlobalSection
	GlobalSection(SolutionProperties) = preSolution
		HideSolutionNode = FALSE
	EndGlobalSection
	GlobalSection(ExtensibilityGlobals) = postSolution
		SolutionGuid = {7AA70CBC-5D53-407D-A3BA-3D260B5B3C97}
	EndGlobalSection
EndGlobal
