
Microsoft Visual Studio Solution File, Format Version 12.00
# Visual Studio Version 17
VisualStudioVersion = 17.0.32014.148
MinimumVisualStudioVersion = 10.0.40219.1
Project("{FAE04EC0-301F-11D3-BF4B-00C04F79EFBC}") = "LicensePlateApp", "LicensePlateApp\LicensePlateApp.csproj", "{EB278183-8572-4B04-8FFF-4B21083BDD17}"
EndProject
Global
	GlobalSection(SolutionConfigurationPlatforms) = preSolution
		Debug|Any CPU = Debug|Any CPU
		Release|Any CPU = Release|Any CPU
	EndGlobalSection
	GlobalSection(ProjectConfigurationPlatforms) = postSolution
		{EB278183-8572-4B04-8FFF-4B21083BDD17}.Debug|Any CPU.ActiveCfg = Debug|Any CPU
		{EB278183-8572-4B04-8FFF-4B21083BDD17}.Debug|Any CPU.Build.0 = Debug|Any CPU
		{EB278183-8572-4B04-8FFF-4B21083BDD17}.Release|Any CPU.ActiveCfg = Release|Any CPU
		{EB278183-8572-4B04-8FFF-4B21083BDD17}.Release|Any CPU.Build.0 = Release|Any CPU
	EndGlobalSection
	GlobalSection(SolutionProperties) = preSolution
		HideSolutionNode = FALSE
	EndGlobalSection
	GlobalSection(ExtensibilityGlobals) = postSolution
		SolutionGuid = {D2F075AD-4E5F-47EB-9BAB-EFDB37FC6F5F}
	EndGlobalSection
EndGlobal
